
Microsoft Visual Studio Solution File, Format Version 12.00
# Visual Studio 15
VisualStudioVersion = 15.0.28307.1259
MinimumVisualStudioVersion = 10.0.40219.1
Project("{888888A0-9F3D-457C-B088-3A5042F75D52}") = "Labwork_3", "Labwork_3.pyproj", "{4A952759-2652-429A-8196-4EBC5C3BC842}"
EndProject
Global
	GlobalSection(SolutionConfigurationPlatforms) = preSolution
		Debug|Any CPU = Debug|Any CPU
		Release|Any CPU = Release|Any CPU
	EndGlobalSection
	GlobalSection(ProjectConfigurationPlatforms) = postSolution
		{4A952759-2652-429A-8196-4EBC5C3BC842}.Debug|Any CPU.ActiveCfg = Debug|Any CPU
		{4A952759-2652-429A-8196-4EBC5C3BC842}.Release|Any CPU.ActiveCfg = Release|Any CPU
	EndGlobalSection
	GlobalSection(SolutionProperties) = preSolution
		HideSolutionNode = FALSE
	EndGlobalSection
	GlobalSection(ExtensibilityGlobals) = postSolution
		SolutionGuid = {448134AD-4220-4DF0-AD18-5D24E201F9F9}
	EndGlobalSection
EndGlobal
